// !$*UTF8*$!
{
	archiveVersion = 1;
	classes = {
	};
	objectVersion = 56;
	objects = {

/* Begin PBXBuildFile section */
		11DB442E9C6A7037FAC2AF31 /* AutomationsView.swift in Sources */ = {isa = PBXBuildFile; fileRef = 64C4491EB1443F2D3BF562A4 /* AutomationsView.swift */; };
		1A524227A667A23363019A13 /* Milestone.swift in Sources */ = {isa = PBXBuildFile; fileRef = 646B475AA1DD127B4DD4AA49 /* Milestone.swift */; };
		657C431A8AC6389E428D153E /* SyncService.swift in Sources */ = {isa = PBXBuildFile; fileRef = 62A14F458A29DA9A1D04B329 /* SyncService.swift */; };
		'AAA00001' = {isa = PBXBuildFile; fileRef = AAA00010; };
		'AAA00002' = {isa = PBXBuildFile; fileRef = AAA00011; };
		'AAA00003' = {isa = PBXBuildFile; fileRef = AAA00012; };
		'AAA00004' = {isa = PBXBuildFile; fileRef = AAA00013; };
		'AAA00005' = {isa = PBXBuildFile; fileRef = AAA00014; };
		'AAA00006' = {isa = PBXBuildFile; fileRef = AAA00015; };
		'AAA00007' = {isa = PBXBuildFile; fileRef = AAA00016; };
		'AAA00008' = {isa = PBXBuildFile; fileRef = AAA00017; };
		'AAA00009' = {isa = PBXBuildFile; fileRef = AAA00018; };
		'AAA0000A' = {isa = PBXBuildFile; fileRef = AAA00019; };
		'AAA0000B' = {isa = PBXBuildFile; fileRef = AAA0001B; };
		'AAA0000C' = {isa = PBXBuildFile; fileRef = AAA0001C; };
		'AAA0000D' = {isa = PBXBuildFile; fileRef = AAA0001D; };
		'AAA0000E' = {isa = PBXBuildFile; fileRef = AAA0001E; };
		'AAA0000F' = {isa = PBXBuildFile; fileRef = AAA0001F; };
		'AAA00010B' = {isa = PBXBuildFile; fileRef = AAA00021; };
		'AAA00010C' = {isa = PBXBuildFile; fileRef = AAA00022; };
		'AAA00010D' = {isa = PBXBuildFile; fileRef = AAA00023; };
		'AAA00010E' = {isa = PBXBuildFile; fileRef = AAA00024; };
		'AAD00084' = {isa = PBXBuildFile; fileRef = AAD00085; };
		'AAD00086' = {isa = PBXBuildFile; fileRef = AAD00087; };
		'AAD00088' = {isa = PBXBuildFile; fileRef = AAD00089; };
		'AAD00090' = {isa = PBXBuildFile; fileRef = AAD00091; };
		'AAE00092' = {isa = PBXBuildFile; fileRef = AAE00093; };
		'AAE00095' = {isa = PBXBuildFile; fileRef = AAE00096; };
		'AAF00095' = {isa = PBXBuildFile; fileRef = AAF00096; };
		'AAF00099' = {isa = PBXBuildFile; fileRef = AAF00100; };
		'AAF00101' = {isa = PBXBuildFile; fileRef = AAF00102; };
		'AAF00103' = {isa = PBXBuildFile; fileRef = AAF00104; };
		'AAF00105' = {isa = PBXBuildFile; fileRef = AAF00106; };
		AB5D4DBCB7486C75F119CC62 /* EvolutionView.swift in Sources */ = {isa = PBXBuildFile; fileRef = CB384EFF9C4DD34327AAC518 /* EvolutionView.swift */; };
		'BBB00001' = {isa = PBXBuildFile; fileRef = BBB00011; };
		'BBB00002' = {isa = PBXBuildFile; fileRef = BBB00012; };
		'BBB00003' = {isa = PBXBuildFile; fileRef = BBB00013; };
		'BBB00004' = {isa = PBXBuildFile; fileRef = BBB00014; };
		'BBB00005' = {isa = PBXBuildFile; fileRef = BBB00015; };
		'BBB00006' = {isa = PBXBuildFile; fileRef = BBB00016; };
		'BBB00007' = {isa = PBXBuildFile; fileRef = BBB00017; };
		'BBB00008' = {isa = PBXBuildFile; fileRef = BBB00018; };
		'BBB00009' = {isa = PBXBuildFile; fileRef = BBB00019; };
		'BBB0000A' = {isa = PBXBuildFile; fileRef = BBB0001A; };
		'BBB0000B' = {isa = PBXBuildFile; fileRef = BBB0001B; };
		'CCC00001' = {isa = PBXBuildFile; fileRef = CCC00011; };
		'CCC00002' = {isa = PBXBuildFile; fileRef = CCC00012; };
		'CCC00003' = {isa = PBXBuildFile; fileRef = CCC00013; };
		'CCC00004' = {isa = PBXBuildFile; fileRef = CCC00014; };
		'DDD00001' = {isa = PBXBuildFile; fileRef = DDD00010; };
		'DDD00011' = {isa = PBXBuildFile; fileRef = DDD00012; };
		'DDD00013' = {isa = PBXBuildFile; fileRef = DDD00014; };
		'EEE00001' = {isa = PBXBuildFile; fileRef = EEE00002; };
		'EEE00003' = {isa = PBXBuildFile; fileRef = EEE00004; };
		'FFF00001' = {isa = PBXBuildFile; fileRef = FFF00002; };
		'FFF00003' = {isa = PBXBuildFile; fileRef = FFF00004; };
		'FFF00005' = {isa = PBXBuildFile; fileRef = FFF00006; };
		'FFF00007' = {isa = PBXBuildFile; fileRef = FFF00008; };
		'FFF00009' = {isa = PBXBuildFile; fileRef = FFF00010; };
		'FFF00011' = {isa = PBXBuildFile; fileRef = FFF00012; };
		'FFF00013' = {isa = PBXBuildFile; fileRef = FFF00014; };
		'FFF00015' = {isa = PBXBuildFile; fileRef = FFF00016; };
		'GGG00001' = {isa = PBXBuildFile; fileRef = GGG00002; };
		'GGG00003' = {isa = PBXBuildFile; fileRef = GGG00004; };
/* End PBXBuildFile section */

/* Begin PBXFileReference section */
		62A14F458A29DA9A1D04B329 /* SyncService.swift */ = {isa = PBXFileReference; lastKnownFileType = sourcecode.swift; name = SyncService.swift; path = PersonalAIBrain/Services/SyncService.swift; sourceTree = SOURCE_ROOT; };
		646B475AA1DD127B4DD4AA49 /* Milestone.swift */ = {isa = PBXFileReference; lastKnownFileType = sourcecode.swift; name = Milestone.swift; path = PersonalAIBrain/Models/Milestone.swift; sourceTree = SOURCE_ROOT; };
		64C4491EB1443F2D3BF562A4 /* AutomationsView.swift */ = {isa = PBXFileReference; lastKnownFileType = sourcecode.swift; name = AutomationsView.swift; path = PersonalAIBrain/Views/AutomationsView.swift; sourceTree = SOURCE_ROOT; };
		'AAA00010' = {isa = PBXFileReference; lastKnownFileType = sourcecode.swift; path = PersonalAIBrainApp.swift; sourceTree = "<group>"; };
		'AAA00011' = {isa = PBXFileReference; lastKnownFileType = sourcecode.swift; path = ContentView.swift; sourceTree = "<group>"; };
		'AAA00012' = {isa = PBXFileReference; lastKnownFileType = sourcecode.swift; path = IdeasListView.swift; sourceTree = "<group>"; };
		'AAA00013' = {isa = PBXFileReference; lastKnownFileType = sourcecode.swift; path = IdeaDetailView.swift; sourceTree = "<group>"; };
		'AAA00014' = {isa = PBXFileReference; lastKnownFileType = sourcecode.swift; path = RecordView.swift; sourceTree = "<group>"; };
		'AAA00015' = {isa = PBXFileReference; lastKnownFileType = sourcecode.swift; path = SearchView.swift; sourceTree = "<group>"; };
		'AAA00016' = {isa = PBXFileReference; lastKnownFileType = sourcecode.swift; path = SettingsView.swift; sourceTree = "<group>"; };
		'AAA00017' = {isa = PBXFileReference; lastKnownFileType = sourcecode.swift; path = Idea.swift; sourceTree = "<group>"; };
		'AAA00018' = {isa = PBXFileReference; lastKnownFileType = sourcecode.swift; path = APIService.swift; sourceTree = "<group>"; };
		'AAA00019' = {isa = PBXFileReference; lastKnownFileType = sourcecode.swift; path = AudioRecorderService.swift; sourceTree = "<group>"; };
		'AAA0001A' = {isa = PBXFileReference; lastKnownFileType = text.plist.xml; path = Info.plist; sourceTree = "<group>"; };
		'AAA0001B' = {isa = PBXFileReference; lastKnownFileType = sourcecode.swift; path = Meeting.swift; sourceTree = "<group>"; };
		'AAA0001C' = {isa = PBXFileReference; lastKnownFileType = sourcecode.swift; path = UserProfile.swift; sourceTree = "<group>"; };
		'AAA0001D' = {isa = PBXFileReference; lastKnownFileType = sourcecode.swift; path = LocalStorageService.swift; sourceTree = "<group>"; };
		'AAA0001E' = {isa = PBXFileReference; lastKnownFileType = sourcecode.swift; path = OfflineQueueService.swift; sourceTree = "<group>"; };
		'AAA0001F' = {isa = PBXFileReference; lastKnownFileType = sourcecode.swift; path = AppTheme.swift; sourceTree = "<group>"; };
		'AAA00020' = {isa = PBXFileReference; explicitFileType = wrapper.application; includeInIndex = 0; path = PersonalAIBrain.app; sourceTree = BUILT_PRODUCTS_DIR; };
		'AAA00021' = {isa = PBXFileReference; lastKnownFileType = sourcecode.swift; path = AIBrainView.swift; sourceTree = "<group>"; };
		'AAA00022' = {isa = PBXFileReference; lastKnownFileType = sourcecode.swift; path = ProfileView.swift; sourceTree = "<group>"; };
		'AAA00023' = {isa = PBXFileReference; lastKnownFileType = sourcecode.swift; path = MeetingsView.swift; sourceTree = "<group>"; };
		'AAA00024' = {isa = PBXFileReference; lastKnownFileType = sourcecode.swift; path = SwipeCardView.swift; sourceTree = "<group>"; };
		'AAD00085' = {isa = PBXFileReference; lastKnownFileType = sourcecode.swift; path = BiometricService.swift; sourceTree = "<group>"; };
		'AAD00087' = {isa = PBXFileReference; lastKnownFileType = sourcecode.swift; path = IncubatorService.swift; sourceTree = "<group>"; };
		'AAD00089' = {isa = PBXFileReference; lastKnownFileType = sourcecode.swift; path = KeychainService.swift; sourceTree = "<group>"; };
		'AAD00091' = {isa = PBXFileReference; lastKnownFileType = sourcecode.swift; path = WidgetDataService.swift; sourceTree = "<group>"; };
		'AAE00093' = {isa = PBXFileReference; lastKnownFileType = sourcecode.swift; path = Environment.swift; sourceTree = "<group>"; };
		'AAE00096' = {isa = PBXFileReference; lastKnownFileType = sourcecode.swift; path = ExportView.swift; sourceTree = "<group>"; };
		'AAF00096' = {isa = PBXFileReference; lastKnownFileType = sourcecode.swift; path = Incubator.swift; sourceTree = "<group>"; };
		'AAF00100' = {isa = PBXFileReference; lastKnownFileType = sourcecode.swift; path = LockScreenView.swift; sourceTree = "<group>"; };
		'AAF00102' = {isa = PBXFileReference; lastKnownFileType = sourcecode.swift; path = IncubatorView.swift; sourceTree = "<group>"; };
		'AAF00104' = {isa = PBXFileReference; lastKnownFileType = sourcecode.swift; path = NotificationService.swift; sourceTree = "<group>"; };
		'AAF00106' = {isa = PBXFileReference; lastKnownFileType = sourcecode.swift; path = NotificationSettingsView.swift; sourceTree = "<group>"; };
		'BBB00011' = {isa = PBXFileReference; lastKnownFileType = sourcecode.swift; path = CameraView.swift; sourceTree = "<group>"; };
		'BBB00012' = {isa = PBXFileReference; lastKnownFileType = sourcecode.swift; path = ContentViewWithContext.swift; sourceTree = "<group>"; };
		'BBB00013' = {isa = PBXFileReference; lastKnownFileType = sourcecode.swift; path = ContextSwitcherView.swift; sourceTree = "<group>"; };
		'BBB00014' = {isa = PBXFileReference; lastKnownFileType = sourcecode.swift; path = MediaPickerView.swift; sourceTree = "<group>"; };
		'BBB00015' = {isa = PBXFileReference; lastKnownFileType = sourcecode.swift; path = OfflineQueueView.swift; sourceTree = "<group>"; };
		'BBB00016' = {isa = PBXFileReference; lastKnownFileType = sourcecode.swift; path = StoriesView.swift; sourceTree = "<group>"; };
		'BBB00017' = {isa = PBXFileReference; lastKnownFileType = sourcecode.swift; path = ToastView.swift; sourceTree = "<group>"; };
		'BBB00018' = {isa = PBXFileReference; lastKnownFileType = sourcecode.swift; path = TrainingView.swift; sourceTree = "<group>"; };
		'BBB00019' = {isa = PBXFileReference; lastKnownFileType = sourcecode.swift; path = AIContext.swift; sourceTree = "<group>"; };
		'BBB0001A' = {isa = PBXFileReference; lastKnownFileType = sourcecode.swift; path = TrainingModels.swift; sourceTree = "<group>"; };
		'BBB0001B' = {isa = PBXFileReference; lastKnownFileType = sourcecode.swift; path = "APIService+Context.swift"; sourceTree = "<group>"; };
		CB384EFF9C4DD34327AAC518 /* EvolutionView.swift */ = {isa = PBXFileReference; lastKnownFileType = sourcecode.swift; name = EvolutionView.swift; path = PersonalAIBrain/Views/EvolutionView.swift; sourceTree = SOURCE_ROOT; };
		'CCC00011' = {isa = PBXFileReference; lastKnownFileType = sourcecode.swift; path = KnowledgeGraphView.swift; sourceTree = "<group>"; };
		'CCC00012' = {isa = PBXFileReference; lastKnownFileType = sourcecode.swift; path = GraphCanvasView.swift; sourceTree = "<group>"; };
		'CCC00013' = {isa = PBXFileReference; lastKnownFileType = sourcecode.swift; path = GraphModels.swift; sourceTree = "<group>"; };
		'CCC00014' = {isa = PBXFileReference; lastKnownFileType = sourcecode.swift; path = "APIService+KnowledgeGraph.swift"; sourceTree = "<group>"; };
		'DDD00010' = {isa = PBXFileReference; lastKnownFileType = folder.assetcatalog; path = Assets.xcassets; sourceTree = "<group>"; };
		'DDD00012' = {isa = PBXFileReference; lastKnownFileType = sourcecode.swift; path = Draft.swift; sourceTree = "<group>"; };
		'DDD00014' = {isa = PBXFileReference; lastKnownFileType = sourcecode.swift; path = DraftFeedbackView.swift; sourceTree = "<group>"; };
		'EEE00002' = {isa = PBXFileReference; lastKnownFileType = sourcecode.swift; path = ArchiveView.swift; sourceTree = "<group>"; };
		'EEE00004' = {isa = PBXFileReference; lastKnownFileType = sourcecode.swift; path = PersonaSelectorView.swift; sourceTree = "<group>"; };
		'FFF00002' = {isa = PBXFileReference; lastKnownFileType = sourcecode.swift; path = APIKeyManager.swift; sourceTree = "<group>"; };
		'FFF00004' = {isa = PBXFileReference; lastKnownFileType = sourcecode.swift; path = APIKeySetupView.swift; sourceTree = "<group>"; };
		'FFF00006' = {isa = PBXFileReference; lastKnownFileType = sourcecode.swift; path = DigestView.swift; sourceTree = "<group>"; };
		'FFF00008' = {isa = PBXFileReference; lastKnownFileType = sourcecode.swift; path = AnalyticsDashboardView.swift; sourceTree = "<group>"; };
		'FFF00010' = {isa = PBXFileReference; lastKnownFileType = sourcecode.swift; path = PersonalizationChatView.swift; sourceTree = "<group>"; };
		'FFF00012' = {isa = PBXFileReference; lastKnownFileType = sourcecode.swift; path = "APIService+Phase20.swift"; sourceTree = "<group>"; };
		'FFF00014' = {isa = PBXFileReference; lastKnownFileType = sourcecode.swift; path = "APIService+Personalization.swift"; sourceTree = "<group>"; };
		'FFF00016' = {isa = PBXFileReference; lastKnownFileType = sourcecode.swift; path = AppIntents.swift; sourceTree = "<group>"; };
		'GGG00002' = {isa = PBXFileReference; lastKnownFileType = sourcecode.swift; path = LearningTasksService.swift; sourceTree = "<group>"; };
		'GGG00004' = {isa = PBXFileReference; lastKnownFileType = sourcecode.swift; path = LearningTasksView.swift; sourceTree = "<group>"; };
/* End PBXFileReference section */

/* Begin PBXFrameworksBuildPhase section */
		'AAA00030' = {
			isa = PBXFrameworksBuildPhase;
			buildActionMask = 2147483647;
			files = (
			);
			runOnlyForDeploymentPostprocessing = 0;
		};
/* End PBXFrameworksBuildPhase section */

/* Begin PBXGroup section */
		'AAA00040' = {
			isa = PBXGroup;
			children = (
				AAA00041,
				AAA00042,
				64C4491EB1443F2D3BF562A4 /* AutomationsView.swift */,
				CB384EFF9C4DD34327AAC518 /* EvolutionView.swift */,
				646B475AA1DD127B4DD4AA49 /* Milestone.swift */,
				62A14F458A29DA9A1D04B329 /* SyncService.swift */,
			);
			sourceTree = "<group>";
		};
		'AAA00041' = {
			isa = PBXGroup;
			children = (
				AAA00010,
				AAA0001A,
				DDD00010,
				AAA00043,
				AAA00044,
				AAA00045,
				AAA00046,
				AAE00094,
				FFF00017,
			);
			path = PersonalAIBrain;
			sourceTree = "<group>";
		};
		'AAA00042' = {
			isa = PBXGroup;
			children = (
				AAA00020,
			);
			name = Products;
			sourceTree = "<group>";
		};
		'AAA00043' = {
			isa = PBXGroup;
			children = (
				AAA00011,
				AAA00012,
				AAA00013,
				DDD00014,
				AAA00014,
				AAA00015,
				AAA00016,
				AAA00021,
				AAA00022,
				AAA00023,
				AAA00024,
				BBB00011,
				BBB00012,
				BBB00013,
				BBB00014,
				BBB00015,
				BBB00016,
				BBB00017,
				BBB00018,
				CCC00030,
				AAF00100,
				AAF00102,
				EEE00002,
				EEE00004,
				AAE00096,
				AAF00106,
				FFF00004,
				FFF00006,
				FFF00008,
				FFF00010,
				GGG00004,
			);
			path = Views;
			sourceTree = "<group>";
		};
		'AAA00044' = {
			isa = PBXGroup;
			children = (
				DDD00012,
				AAA00017,
				AAA0001B,
				AAA0001C,
				BBB00019,
				BBB0001A,
				AAF00096,
			);
			path = Models;
			sourceTree = "<group>";
		};
		'AAA00045' = {
			isa = PBXGroup;
			children = (
				AAA00018,
				AAA00019,
				AAA0001D,
				AAA0001E,
				BBB0001B,
				CCC00014,
				AAD00085,
				AAD00087,
				AAD00089,
				AAD00091,
				AAF00104,
				FFF00002,
				FFF00012,
				FFF00014,
				GGG00002,
			);
			path = Services;
			sourceTree = "<group>";
		};
		'AAA00046' = {
			isa = PBXGroup;
			children = (
				AAA0001F,
			);
			path = Theme;
			sourceTree = "<group>";
		};
		'AAE00094' = {
			isa = PBXGroup;
			children = (
				AAE00093,
			);
			path = Config;
			sourceTree = "<group>";
		};
		'CCC00030' = {
			isa = PBXGroup;
			children = (
				CCC00011,
				CCC00012,
				CCC00013,
			);
			path = KnowledgeGraph;
			sourceTree = "<group>";
		};
		'FFF00017' = {
			isa = PBXGroup;
			children = (
				FFF00016,
			);
			path = Intents;
			sourceTree = "<group>";
		};
/* End PBXGroup section */

/* Begin PBXNativeTarget section */
		'AAA00050' = {
			isa = PBXNativeTarget;
			buildConfigurationList = AAA00060;
			buildPhases = (
				AAA00051,
				AAA00030,
				AAA00052,
			);
			buildRules = (
			);
			dependencies = (
			);
			name = PersonalAIBrain;
			productName = PersonalAIBrain;
			productReference = AAA00020;
			productType = "com.apple.product-type.application";
		};
/* End PBXNativeTarget section */

/* Begin PBXProject section */
		'AAA00070' = {
			isa = PBXProject;
			attributes = {
				BuildIndependentTargetsInParallel = 1;
				LastSwiftUpdateCheck = 1500;
				LastUpgradeCheck = 1500;
				TargetAttributes = {
					AAA00050 = {
						CreatedOnToolsVersion = 15.0;
					};
				};
			};
			buildConfigurationList = AAA00071;
			compatibilityVersion = "Xcode 14.0";
			developmentRegion = de;
			hasScannedForEncodings = 0;
			knownRegions = (
				de,
				Base,
			);
			mainGroup = AAA00040;
			productRefGroup = AAA00042;
			projectDirPath = "";
			projectRoot = "";
			targets = (
				AAA00050,
			);
		};
/* End PBXProject section */

/* Begin PBXResourcesBuildPhase section */
		'AAA00052' = {
			isa = PBXResourcesBuildPhase;
			buildActionMask = 2147483647;
			files = (
				DDD00001,
			);
			runOnlyForDeploymentPostprocessing = 0;
		};
/* End PBXResourcesBuildPhase section */

/* Begin PBXSourcesBuildPhase section */
		'AAA00051' = {
			isa = PBXSourcesBuildPhase;
			buildActionMask = 2147483647;
			files = (
				DDD00011,
				DDD00013,
				AAA00001,
				AAA00002,
				AAA00003,
				AAA00004,
				AAA00005,
				AAA00006,
				AAA00007,
				AAA00008,
				AAA00009,
				AAA0000A,
				AAA0000B,
				AAA0000C,
				AAA0000D,
				AAA0000E,
				AAA0000F,
				AAA00010B,
				AAA00010C,
				AAA00010D,
				AAA00010E,
				BBB00001,
				BBB00002,
				BBB00003,
				BBB00004,
				BBB00005,
				BBB00006,
				BBB00007,
				BBB00008,
				BBB00009,
				BBB0000A,
				BBB0000B,
				CCC00001,
				CCC00002,
				CCC00003,
				CCC00004,
				AAD00084,
				AAD00086,
				AAD00088,
				AAD00090,
				AAE00092,
				AAF00095,
				AAF00099,
				AAF00101,
				EEE00001,
				EEE00003,
				AAE00095,
				AAF00103,
				AAF00105,
				FFF00001,
				FFF00003,
				FFF00005,
				FFF00007,
				FFF00009,
				FFF00011,
				FFF00013,
				FFF00015,
				GGG00001,
				GGG00003,
				11DB442E9C6A7037FAC2AF31 /* AutomationsView.swift in Sources */,
				AB5D4DBCB7486C75F119CC62 /* EvolutionView.swift in Sources */,
				1A524227A667A23363019A13 /* Milestone.swift in Sources */,
				657C431A8AC6389E428D153E /* SyncService.swift in Sources */,
			);
			runOnlyForDeploymentPostprocessing = 0;
		};
/* End PBXSourcesBuildPhase section */

/* Begin XCBuildConfiguration section */
		'AAA00080' = {
			isa = XCBuildConfiguration;
			buildSettings = {
				ALWAYS_SEARCH_USER_PATHS = NO;
				ASSETCATALOG_COMPILER_GENERATE_SWIFT_ASSET_SYMBOL_EXTENSIONS = YES;
				CLANG_ANALYZER_NONNULL = YES;
				CLANG_ANALYZER_NUMBER_OBJECT_CONVERSION = YES_AGGRESSIVE;
				CLANG_CXX_LANGUAGE_STANDARD = "gnu++20";
				CLANG_ENABLE_MODULES = YES;
				CLANG_ENABLE_OBJC_ARC = YES;
				CLANG_ENABLE_OBJC_WEAK = YES;
				CLANG_WARN_BLOCK_CAPTURE_AUTORELEASING = YES;
				CLANG_WARN_BOOL_CONVERSION = YES;
				CLANG_WARN_COMMA = YES;
				CLANG_WARN_CONSTANT_CONVERSION = YES;
				CLANG_WARN_DEPRECATED_OBJC_IMPLEMENTATIONS = YES;
				CLANG_WARN_DIRECT_OBJC_ISA_USAGE = YES_ERROR;
				CLANG_WARN_DOCUMENTATION_COMMENTS = YES;
				CLANG_WARN_EMPTY_BODY = YES;
				CLANG_WARN_ENUM_CONVERSION = YES;
				CLANG_WARN_INFINITE_RECURSION = YES;
				CLANG_WARN_INT_CONVERSION = YES;
				CLANG_WARN_NON_LITERAL_NULL_CONVERSION = YES;
				CLANG_WARN_OBJC_IMPLICIT_RETAIN_SELF = YES;
				CLANG_WARN_OBJC_LITERAL_CONVERSION = YES;
				CLANG_WARN_OBJC_ROOT_CLASS = YES_ERROR;
				CLANG_WARN_QUOTED_INCLUDE_IN_FRAMEWORK_HEADER = YES;
				CLANG_WARN_RANGE_LOOP_ANALYSIS = YES;
				CLANG_WARN_STRICT_PROTOTYPES = YES;
				CLANG_WARN_SUSPICIOUS_MOVE = YES;
				CLANG_WARN_UNGUARDED_AVAILABILITY = YES_AGGRESSIVE;
				CLANG_WARN_UNREACHABLE_CODE = YES;
				CLANG_WARN__DUPLICATE_METHOD_MATCH = YES;
				COPY_PHASE_STRIP = NO;
				DEBUG_INFORMATION_FORMAT = dwarf;
				ENABLE_STRICT_OBJC_MSGSEND = YES;
				ENABLE_TESTABILITY = YES;
				ENABLE_USER_SCRIPT_SANDBOXING = YES;
				GCC_C_LANGUAGE_STANDARD = gnu17;
				GCC_DYNAMIC_NO_PIC = NO;
				GCC_NO_COMMON_BLOCKS = YES;
				GCC_OPTIMIZATION_LEVEL = 0;
				GCC_PREPROCESSOR_DEFINITIONS = (
					"DEBUG=1",
					"$(inherited)",
				);
				GCC_WARN_64_TO_32_BIT_CONVERSION = YES;
				GCC_WARN_ABOUT_RETURN_TYPE = YES_ERROR;
				GCC_WARN_UNDECLARED_SELECTOR = YES;
				GCC_WARN_UNINITIALIZED_AUTOS = YES_AGGRESSIVE;
				GCC_WARN_UNUSED_FUNCTION = YES;
				GCC_WARN_UNUSED_VARIABLE = YES;
				IPHONEOS_DEPLOYMENT_TARGET = 17.0;
				LOCALIZATION_PREFERS_STRING_CATALOGS = YES;
				MTL_ENABLE_DEBUG_INFO = INCLUDE_SOURCE;
				MTL_FAST_MATH = YES;
				ONLY_ACTIVE_ARCH = YES;
				SDKROOT = iphoneos;
				SWIFT_ACTIVE_COMPILATION_CONDITIONS = "DEBUG $(inherited)";
				SWIFT_OPTIMIZATION_LEVEL = "-Onone";
			};
			name = Debug;
		};
		'AAA00081' = {
			isa = XCBuildConfiguration;
			buildSettings = {
				ALWAYS_SEARCH_USER_PATHS = NO;
				ASSETCATALOG_COMPILER_GENERATE_SWIFT_ASSET_SYMBOL_EXTENSIONS = YES;
				CLANG_ANALYZER_NONNULL = YES;
				CLANG_ANALYZER_NUMBER_OBJECT_CONVERSION = YES_AGGRESSIVE;
				CLANG_CXX_LANGUAGE_STANDARD = "gnu++20";
				CLANG_ENABLE_MODULES = YES;
				CLANG_ENABLE_OBJC_ARC = YES;
				CLANG_ENABLE_OBJC_WEAK = YES;
				CLANG_WARN_BLOCK_CAPTURE_AUTORELEASING = YES;
				CLANG_WARN_BOOL_CONVERSION = YES;
				CLANG_WARN_COMMA = YES;
				CLANG_WARN_CONSTANT_CONVERSION = YES;
				CLANG_WARN_DEPRECATED_OBJC_IMPLEMENTATIONS = YES;
				CLANG_WARN_DIRECT_OBJC_ISA_USAGE = YES_ERROR;
				CLANG_WARN_DOCUMENTATION_COMMENTS = YES;
				CLANG_WARN_EMPTY_BODY = YES;
				CLANG_WARN_ENUM_CONVERSION = YES;
				CLANG_WARN_INFINITE_RECURSION = YES;
				CLANG_WARN_INT_CONVERSION = YES;
				CLANG_WARN_NON_LITERAL_NULL_CONVERSION = YES;
				CLANG_WARN_OBJC_IMPLICIT_RETAIN_SELF = YES;
				CLANG_WARN_OBJC_LITERAL_CONVERSION = YES;
				CLANG_WARN_OBJC_ROOT_CLASS = YES_ERROR;
				CLANG_WARN_QUOTED_INCLUDE_IN_FRAMEWORK_HEADER = YES;
				CLANG_WARN_RANGE_LOOP_ANALYSIS = YES;
				CLANG_WARN_STRICT_PROTOTYPES = YES;
				CLANG_WARN_SUSPICIOUS_MOVE = YES;
				CLANG_WARN_UNGUARDED_AVAILABILITY = YES_AGGRESSIVE;
				CLANG_WARN_UNREACHABLE_CODE = YES;
				CLANG_WARN__DUPLICATE_METHOD_MATCH = YES;
				COPY_PHASE_STRIP = NO;
				DEBUG_INFORMATION_FORMAT = "dwarf-with-dsym";
				ENABLE_NS_ASSERTIONS = NO;
				ENABLE_STRICT_OBJC_MSGSEND = YES;
				ENABLE_USER_SCRIPT_SANDBOXING = YES;
				GCC_C_LANGUAGE_STANDARD = gnu17;
				GCC_NO_COMMON_BLOCKS = YES;
				GCC_WARN_64_TO_32_BIT_CONVERSION = YES;
				GCC_WARN_ABOUT_RETURN_TYPE = YES_ERROR;
				GCC_WARN_UNDECLARED_SELECTOR = YES;
				GCC_WARN_UNINITIALIZED_AUTOS = YES_AGGRESSIVE;
				GCC_WARN_UNUSED_FUNCTION = YES;
				GCC_WARN_UNUSED_VARIABLE = YES;
				IPHONEOS_DEPLOYMENT_TARGET = 17.0;
				LOCALIZATION_PREFERS_STRING_CATALOGS = YES;
				MTL_ENABLE_DEBUG_INFO = NO;
				MTL_FAST_MATH = YES;
				SDKROOT = iphoneos;
				SWIFT_COMPILATION_MODE = wholemodule;
				VALIDATE_PRODUCT = YES;
			};
			name = Release;
		};
		'AAA00082' = {
			isa = XCBuildConfiguration;
			buildSettings = {
				ASSETCATALOG_COMPILER_APPICON_NAME = AppIcon;
				ASSETCATALOG_COMPILER_GLOBAL_ACCENT_COLOR_NAME = AccentColor;
				CODE_SIGN_STYLE = Automatic;
				CURRENT_PROJECT_VERSION = 5;
				DEVELOPMENT_TEAM = 36376V8AB7;
				GENERATE_INFOPLIST_FILE = YES;
				INFOPLIST_FILE = PersonalAIBrain/Info.plist;
				INFOPLIST_KEY_NSMicrophoneUsageDescription = "Die App benötigt Zugriff auf das Mikrofon, um Sprachmemos aufzunehmen und zu transkribieren.";
				INFOPLIST_KEY_UIApplicationSceneManifest_Generation = YES;
				INFOPLIST_KEY_UIApplicationSupportsIndirectInputEvents = YES;
				INFOPLIST_KEY_UILaunchScreen_Generation = YES;
				INFOPLIST_KEY_UISupportedInterfaceOrientations_iPad = "UIInterfaceOrientationPortrait UIInterfaceOrientationPortraitUpsideDown UIInterfaceOrientationLandscapeLeft UIInterfaceOrientationLandscapeRight";
				INFOPLIST_KEY_UISupportedInterfaceOrientations_iPhone = "UIInterfaceOrientationPortrait UIInterfaceOrientationLandscapeLeft UIInterfaceOrientationLandscapeRight";
				LD_RUNPATH_SEARCH_PATHS = (
					"$(inherited)",
					"@executable_path/Frameworks",
				);
				MARKETING_VERSION = 1.2;
				PRODUCT_BUNDLE_IDENTIFIER = de.personal.aibrain;
				PRODUCT_NAME = "$(TARGET_NAME)";
				SUPPORTS_MACCATALYST = YES;
				SWIFT_EMIT_LOC_STRINGS = YES;
				SWIFT_VERSION = 5.0;
				TARGETED_DEVICE_FAMILY = "1,2";
			};
			name = Debug;
		};
		'AAA00083' = {
			isa = XCBuildConfiguration;
			buildSettings = {
				ASSETCATALOG_COMPILER_APPICON_NAME = AppIcon;
				ASSETCATALOG_COMPILER_GLOBAL_ACCENT_COLOR_NAME = AccentColor;
				CODE_SIGN_STYLE = Automatic;
				CURRENT_PROJECT_VERSION = 5;
				DEVELOPMENT_TEAM = 36376V8AB7;
				GENERATE_INFOPLIST_FILE = YES;
				INFOPLIST_FILE = PersonalAIBrain/Info.plist;
				INFOPLIST_KEY_NSMicrophoneUsageDescription = "Die App benötigt Zugriff auf das Mikrofon, um Sprachmemos aufzunehmen und zu transkribieren.";
				INFOPLIST_KEY_UIApplicationSceneManifest_Generation = YES;
				INFOPLIST_KEY_UIApplicationSupportsIndirectInputEvents = YES;
				INFOPLIST_KEY_UILaunchScreen_Generation = YES;
				INFOPLIST_KEY_UISupportedInterfaceOrientations_iPad = "UIInterfaceOrientationPortrait UIInterfaceOrientationPortraitUpsideDown UIInterfaceOrientationLandscapeLeft UIInterfaceOrientationLandscapeRight";
				INFOPLIST_KEY_UISupportedInterfaceOrientations_iPhone = "UIInterfaceOrientationPortrait UIInterfaceOrientationLandscapeLeft UIInterfaceOrientationLandscapeRight";
				LD_RUNPATH_SEARCH_PATHS = (
					"$(inherited)",
					"@executable_path/Frameworks",
				);
				MARKETING_VERSION = 1.2;
				PRODUCT_BUNDLE_IDENTIFIER = de.personal.aibrain;
				PRODUCT_NAME = "$(TARGET_NAME)";
				SUPPORTS_MACCATALYST = YES;
				SWIFT_EMIT_LOC_STRINGS = YES;
				SWIFT_VERSION = 5.0;
				TARGETED_DEVICE_FAMILY = "1,2";
			};
			name = Release;
		};
/* End XCBuildConfiguration section */

/* Begin XCConfigurationList section */
		'AAA00060' = {
			isa = XCConfigurationList;
			buildConfigurations = (
				AAA00082,
				AAA00083,
			);
			defaultConfigurationIsVisible = 0;
			defaultConfigurationName = Release;
		};
		'AAA00071' = {
			isa = XCConfigurationList;
			buildConfigurations = (
				AAA00080,
				AAA00081,
			);
			defaultConfigurationIsVisible = 0;
			defaultConfigurationName = Release;
		};
/* End XCConfigurationList section */
	};
	rootObject = AAA00070;
}
